// !$*UTF8*$!
{
	archiveVersion = 1;
	classes = {
	};
	objectVersion = 56;
	objects = {

/* Begin PBXBuildFile section */
		CB8D1BD82A469FE6005FDEEE /* Mungroad_iOSApp.swift in Sources */ = {isa = PBXBuildFile; fileRef = CB8D1BD72A469FE6005FDEEE /* Mungroad_iOSApp.swift */; };
		CB8D1BDA2A469FE6005FDEEE /* ContentView.swift in Sources */ = {isa = PBXBuildFile; fileRef = CB8D1BD92A469FE6005FDEEE /* ContentView.swift */; };
		CB8D1BDC2A469FE7005FDEEE /* Assets.xcassets in Resources */ = {isa = PBXBuildFile; fileRef = CB8D1BDB2A469FE7005FDEEE /* Assets.xcassets */; };
		CB8D1BDF2A469FE7005FDEEE /* Preview Assets.xcassets in Resources */ = {isa = PBXBuildFile; fileRef = CB8D1BDE2A469FE7005FDEEE /* Preview Assets.xcassets */; };
		CB8D1BE92A469FE7005FDEEE /* Mungroad_iOSTests.swift in Sources */ = {isa = PBXBuildFile; fileRef = CB8D1BE82A469FE7005FDEEE /* Mungroad_iOSTests.swift */; };
		CB8D1BF32A469FE7005FDEEE /* Mungroad_iOSUITests.swift in Sources */ = {isa = PBXBuildFile; fileRef = CB8D1BF22A469FE7005FDEEE /* Mungroad_iOSUITests.swift */; };
		CB8D1BF52A469FE7005FDEEE /* Mungroad_iOSUITestsLaunchTests.swift in Sources */ = {isa = PBXBuildFile; fileRef = CB8D1BF42A469FE7005FDEEE /* Mungroad_iOSUITestsLaunchTests.swift */; };
/* End PBXBuildFile section */

/* Begin PBXContainerItemProxy section */
		CB8D1BE52A469FE7005FDEEE /* PBXContainerItemProxy */ = {
			isa = PBXContainerItemProxy;
			containerPortal = CB8D1BCC2A469FE6005FDEEE /* Project object */;
			proxyType = 1;
			remoteGlobalIDString = CB8D1BD32A469FE6005FDEEE;
			remoteInfo = "Mungroad-iOS";
		};
		CB8D1BEF2A469FE7005FDEEE /* PBXContainerItemProxy */ = {
			isa = PBXContainerItemProxy;
			containerPortal = CB8D1BCC2A469FE6005FDEEE /* Project object */;
			proxyType = 1;
			remoteGlobalIDString = CB8D1BD32A469FE6005FDEEE;
			remoteInfo = "Mungroad-iOS";
		};
/* End PBXContainerItemProxy section */

/* Begin PBXFileReference section */
		CB8D1BD42A469FE6005FDEEE /* Mungroad-iOS.app */ = {isa = PBXFileReference; explicitFileType = wrapper.application; includeInIndex = 0; path = "Mungroad-iOS.app"; sourceTree = BUILT_PRODUCTS_DIR; };
		CB8D1BD72A469FE6005FDEEE /* Mungroad_iOSApp.swift */ = {isa = PBXFileReference; lastKnownFileType = sourcecode.swift; path = Mungroad_iOSApp.swift; sourceTree = "<group>"; };
		CB8D1BD92A469FE6005FDEEE /* ContentView.swift */ = {isa = PBXFileReference; lastKnownFileType = sourcecode.swift; path = ContentView.swift; sourceTree = "<group>"; };
		CB8D1BDB2A469FE7005FDEEE /* Assets.xcassets */ = {isa = PBXFileReference; lastKnownFileType = folder.assetcatalog; path = Assets.xcassets; sourceTree = "<group>"; };
		CB8D1BDE2A469FE7005FDEEE /* Preview Assets.xcassets */ = {isa = PBXFileReference; lastKnownFileType = folder.assetcatalog; path = "Preview Assets.xcassets"; sourceTree = "<group>"; };
		CB8D1BE42A469FE7005FDEEE /* Mungroad-iOSTests.xctest */ = {isa = PBXFileReference; explicitFileType = wrapper.cfbundle; includeInIndex = 0; path = "Mungroad-iOSTests.xctest"; sourceTree = BUILT_PRODUCTS_DIR; };
		CB8D1BE82A469FE7005FDEEE /* Mungroad_iOSTests.swift */ = {isa = PBXFileReference; lastKnownFileType = sourcecode.swift; path = Mungroad_iOSTests.swift; sourceTree = "<group>"; };
		CB8D1BEE2A469FE7005FDEEE /* Mungroad-iOSUITests.xctest */ = {isa = PBXFileReference; explicitFileType = wrapper.cfbundle; includeInIndex = 0; path = "Mungroad-iOSUITests.xctest"; sourceTree = BUILT_PRODUCTS_DIR; };
		CB8D1BF22A469FE7005FDEEE /* Mungroad_iOSUITests.swift */ = {isa = PBXFileReference; lastKnownFileType = sourcecode.swift; path = Mungroad_iOSUITests.swift; sourceTree = "<group>"; };
		CB8D1BF42A469FE7005FDEEE /* Mungroad_iOSUITestsLaunchTests.swift */ = {isa = PBXFileReference; lastKnownFileType = sourcecode.swift; path = Mungroad_iOSUITestsLaunchTests.swift; sourceTree = "<group>"; };
/* End PBXFileReference section */

/* Begin PBXFrameworksBuildPhase section */
		CB8D1BD12A469FE6005FDEEE /* Frameworks */ = {
			isa = PBXFrameworksBuildPhase;
			buildActionMask = 2147483647;
			files = (
			);
			runOnlyForDeploymentPostprocessing = 0;
		};
		CB8D1BE12A469FE7005FDEEE /* Frameworks */ = {
			isa = PBXFrameworksBuildPhase;
			buildActionMask = 2147483647;
			files = (
			);
			runOnlyForDeploymentPostprocessing = 0;
		};
		CB8D1BEB2A469FE7005FDEEE /* Frameworks */ = {
			isa = PBXFrameworksBuildPhase;
			buildActionMask = 2147483647;
			files = (
			);
			runOnlyForDeploymentPostprocessing = 0;
		};
/* End PBXFrameworksBuildPhase section */

/* Begin PBXGroup section */
		CB8D1BCB2A469FE6005FDEEE = {
			isa = PBXGroup;
			children = (
				CB8D1BD62A469FE6005FDEEE /* Mungroad-iOS */,
				CB8D1BE72A469FE7005FDEEE /* Mungroad-iOSTests */,
				CB8D1BF12A469FE7005FDEEE /* Mungroad-iOSUITests */,
				CB8D1BD52A469FE6005FDEEE /* Products */,
			);
			sourceTree = "<group>";
		};
		CB8D1BD52A469FE6005FDEEE /* Products */ = {
			isa = PBXGroup;
			children = (
				CB8D1BD42A469FE6005FDEEE /* Mungroad-iOS.app */,
				CB8D1BE42A469FE7005FDEEE /* Mungroad-iOSTests.xctest */,
				CB8D1BEE2A469FE7005FDEEE /* Mungroad-iOSUITests.xctest */,
			);
			name = Products;
			sourceTree = "<group>";
		};
		CB8D1BD62A469FE6005FDEEE /* Mungroad-iOS */ = {
			isa = PBXGroup;
			children = (
				CB8D1BD72A469FE6005FDEEE /* Mungroad_iOSApp.swift */,
				CB8D1BD92A469FE6005FDEEE /* ContentView.swift */,
				CB8D1BDB2A469FE7005FDEEE /* Assets.xcassets */,
				CB8D1BDD2A469FE7005FDEEE /* Preview Content */,
			);
			path = "Mungroad-iOS";
			sourceTree = "<group>";
		};
		CB8D1BDD2A469FE7005FDEEE /* Preview Content */ = {
			isa = PBXGroup;
			children = (
				CB8D1BDE2A469FE7005FDEEE /* Preview Assets.xcassets */,
			);
			path = "Preview Content";
			sourceTree = "<group>";
		};
		CB8D1BE72A469FE7005FDEEE /* Mungroad-iOSTests */ = {
			isa = PBXGroup;
			children = (
				CB8D1BE82A469FE7005FDEEE /* Mungroad_iOSTests.swift */,
			);
			path = "Mungroad-iOSTests";
			sourceTree = "<group>";
		};
		CB8D1BF12A469FE7005FDEEE /* Mungroad-iOSUITests */ = {
			isa = PBXGroup;
			children = (
				CB8D1BF22A469FE7005FDEEE /* Mungroad_iOSUITests.swift */,
				CB8D1BF42A469FE7005FDEEE /* Mungroad_iOSUITestsLaunchTests.swift */,
			);
			path = "Mungroad-iOSUITests";
			sourceTree = "<group>";
		};
/* End PBXGroup section */

/* Begin PBXNativeTarget section */
		CB8D1BD32A469FE6005FDEEE /* Mungroad-iOS */ = {
			isa = PBXNativeTarget;
			buildConfigurationList = CB8D1BF82A469FE7005FDEEE /* Build configuration list for PBXNativeTarget "Mungroad-iOS" */;
			buildPhases = (
				CB8D1BD02A469FE6005FDEEE /* Sources */,
				CB8D1BD12A469FE6005FDEEE /* Frameworks */,
				CB8D1BD22A469FE6005FDEEE /* Resources */,
			);
			buildRules = (
			);
			dependencies = (
			);
			name = "Mungroad-iOS";
			productName = "Mungroad-iOS";
			productReference = CB8D1BD42A469FE6005FDEEE /* Mungroad-iOS.app */;
			productType = "com.apple.product-type.application";
		};
		CB8D1BE32A469FE7005FDEEE /* Mungroad-iOSTests */ = {
			isa = PBXNativeTarget;
			buildConfigurationList = CB8D1BFB2A469FE7005FDEEE /* Build configuration list for PBXNativeTarget "Mungroad-iOSTests" */;
			buildPhases = (
				CB8D1BE02A469FE7005FDEEE /* Sources */,
				CB8D1BE12A469FE7005FDEEE /* Frameworks */,
				CB8D1BE22A469FE7005FDEEE /* Resources */,
			);
			buildRules = (
			);
			dependencies = (
				CB8D1BE62A469FE7005FDEEE /* PBXTargetDependency */,
			);
			name = "Mungroad-iOSTests";
			productName = "Mungroad-iOSTests";
			productReference = CB8D1BE42A469FE7005FDEEE /* Mungroad-iOSTests.xctest */;
			productType = "com.apple.product-type.bundle.unit-test";
		};
		CB8D1BED2A469FE7005FDEEE /* Mungroad-iOSUITests */ = {
			isa = PBXNativeTarget;
			buildConfigurationList = CB8D1BFE2A469FE7005FDEEE /* Build configuration list for PBXNativeTarget "Mungroad-iOSUITests" */;
			buildPhases = (
				CB8D1BEA2A469FE7005FDEEE /* Sources */,
				CB8D1BEB2A469FE7005FDEEE /* Frameworks */,
				CB8D1BEC2A469FE7005FDEEE /* Resources */,
			);
			buildRules = (
			);
			dependencies = (
				CB8D1BF02A469FE7005FDEEE /* PBXTargetDependency */,
			);
			name = "Mungroad-iOSUITests";
			productName = "Mungroad-iOSUITests";
			productReference = CB8D1BEE2A469FE7005FDEEE /* Mungroad-iOSUITests.xctest */;
			productType = "com.apple.product-type.bundle.ui-testing";
		};
/* End PBXNativeTarget section */

/* Begin PBXProject section */
		CB8D1BCC2A469FE6005FDEEE /* Project object */ = {
			isa = PBXProject;
			attributes = {
				BuildIndependentTargetsInParallel = 1;
				LastSwiftUpdateCheck = 1430;
				LastUpgradeCheck = 1430;
				TargetAttributes = {
					CB8D1BD32A469FE6005FDEEE = {
						CreatedOnToolsVersion = 14.3.1;
					};
					CB8D1BE32A469FE7005FDEEE = {
						CreatedOnToolsVersion = 14.3.1;
						TestTargetID = CB8D1BD32A469FE6005FDEEE;
					};
					CB8D1BED2A469FE7005FDEEE = {
						CreatedOnToolsVersion = 14.3.1;
						TestTargetID = CB8D1BD32A469FE6005FDEEE;
					};
				};
			};
			buildConfigurationList = CB8D1BCF2A469FE6005FDEEE /* Build configuration list for PBXProject "Mungroad-iOS" */;
			compatibilityVersion = "Xcode 14.0";
			developmentRegion = en;
			hasScannedForEncodings = 0;
			knownRegions = (
				en,
				Base,
			);
			mainGroup = CB8D1BCB2A469FE6005FDEEE;
			productRefGroup = CB8D1BD52A469FE6005FDEEE /* Products */;
			projectDirPath = "";
			projectRoot = "";
			targets = (
				CB8D1BD32A469FE6005FDEEE /* Mungroad-iOS */,
				CB8D1BE32A469FE7005FDEEE /* Mungroad-iOSTests */,
				CB8D1BED2A469FE7005FDEEE /* Mungroad-iOSUITests */,
			);
		};
/* End PBXProject section */

/* Begin PBXResourcesBuildPhase section */
		CB8D1BD22A469FE6005FDEEE /* Resources */ = {
			isa = PBXResourcesBuildPhase;
			buildActionMask = 2147483647;
			files = (
				CB8D1BDF2A469FE7005FDEEE /* Preview Assets.xcassets in Resources */,
				CB8D1BDC2A469FE7005FDEEE /* Assets.xcassets in Resources */,
			);
			runOnlyForDeploymentPostprocessing = 0;
		};
		CB8D1BE22A469FE7005FDEEE /* Resources */ = {
			isa = PBXResourcesBuildPhase;
			buildActionMask = 2147483647;
			files = (
			);
			runOnlyForDeploymentPostprocessing = 0;
		};
		CB8D1BEC2A469FE7005FDEEE /* Resources */ = {
			isa = PBXResourcesBuildPhase;
			buildActionMask = 2147483647;
			files = (
			);
			runOnlyForDeploymentPostprocessing = 0;
		};
/* End PBXResourcesBuildPhase section */

/* Begin PBXSourcesBuildPhase section */
		CB8D1BD02A469FE6005FDEEE /* Sources */ = {
			isa = PBXSourcesBuildPhase;
			buildActionMask = 2147483647;
			files = (
				CB8D1BDA2A469FE6005FDEEE /* ContentView.swift in Sources */,
				CB8D1BD82A469FE6005FDEEE /* Mungroad_iOSApp.swift in Sources */,
			);
			runOnlyForDeploymentPostprocessing = 0;
		};
		CB8D1BE02A469FE7005FDEEE /* Sources */ = {
			isa = PBXSourcesBuildPhase;
			buildActionMask = 2147483647;
			files = (
				CB8D1BE92A469FE7005FDEEE /* Mungroad_iOSTests.swift in Sources */,
			);
			runOnlyForDeploymentPostprocessing = 0;
		};
		CB8D1BEA2A469FE7005FDEEE /* Sources */ = {
			isa = PBXSourcesBuildPhase;
			buildActionMask = 2147483647;
			files = (
				CB8D1BF32A469FE7005FDEEE /* Mungroad_iOSUITests.swift in Sources */,
				CB8D1BF52A469FE7005FDEEE /* Mungroad_iOSUITestsLaunchTests.swift in Sources */,
			);
			runOnlyForDeploymentPostprocessing = 0;
		};
/* End PBXSourcesBuildPhase section */

/* Begin PBXTargetDependency section */
		CB8D1BE62A469FE7005FDEEE /* PBXTargetDependency */ = {
			isa = PBXTargetDependency;
			target = CB8D1BD32A469FE6005FDEEE /* Mungroad-iOS */;
			targetProxy = CB8D1BE52A469FE7005FDEEE /* PBXContainerItemProxy */;
		};
		CB8D1BF02A469FE7005FDEEE /* PBXTargetDependency */ = {
			isa = PBXTargetDependency;
			target = CB8D1BD32A469FE6005FDEEE /* Mungroad-iOS */;
			targetProxy = CB8D1BEF2A469FE7005FDEEE /* PBXContainerItemProxy */;
		};
/* End PBXTargetDependency section */

/* Begin XCBuildConfiguration section */
		CB8D1BF62A469FE7005FDEEE /* Debug */ = {
			isa = XCBuildConfiguration;
			buildSettings = {
				ALWAYS_SEARCH_USER_PATHS = NO;
				CLANG_ANALYZER_NONNULL = YES;
				CLANG_ANALYZER_NUMBER_OBJECT_CONVERSION = YES_AGGRESSIVE;
				CLANG_CXX_LANGUAGE_STANDARD = "gnu++20";
				CLANG_ENABLE_MODULES = YES;
				CLANG_ENABLE_OBJC_ARC = YES;
				CLANG_ENABLE_OBJC_WEAK = YES;
				CLANG_WARN_BLOCK_CAPTURE_AUTORELEASING = YES;
				CLANG_WARN_BOOL_CONVERSION = YES;
				CLANG_WARN_COMMA = YES;
				CLANG_WARN_CONSTANT_CONVERSION = YES;
				CLANG_WARN_DEPRECATED_OBJC_IMPLEMENTATIONS = YES;
				CLANG_WARN_DIRECT_OBJC_ISA_USAGE = YES_ERROR;
				CLANG_WARN_DOCUMENTATION_COMMENTS = YES;
				CLANG_WARN_EMPTY_BODY = YES;
				CLANG_WARN_ENUM_CONVERSION = YES;
				CLANG_WARN_INFINITE_RECURSION = YES;
				CLANG_WARN_INT_CONVERSION = YES;
				CLANG_WARN_NON_LITERAL_NULL_CONVERSION = YES;
				CLANG_WARN_OBJC_IMPLICIT_RETAIN_SELF = YES;
				CLANG_WARN_OBJC_LITERAL_CONVERSION = YES;
				CLANG_WARN_OBJC_ROOT_CLASS = YES_ERROR;
				CLANG_WARN_QUOTED_INCLUDE_IN_FRAMEWORK_HEADER = YES;
				CLANG_WARN_RANGE_LOOP_ANALYSIS = YES;
				CLANG_WARN_STRICT_PROTOTYPES = YES;
				CLANG_WARN_SUSPICIOUS_MOVE = YES;
				CLANG_WARN_UNGUARDED_AVAILABILITY = YES_AGGRESSIVE;
				CLANG_WARN_UNREACHABLE_CODE = YES;
				CLANG_WARN__DUPLICATE_METHOD_MATCH = YES;
				COPY_PHASE_STRIP = NO;
				DEBUG_INFORMATION_FORMAT = dwarf;
				ENABLE_STRICT_OBJC_MSGSEND = YES;
				ENABLE_TESTABILITY = YES;
				GCC_C_LANGUAGE_STANDARD = gnu11;
				GCC_DYNAMIC_NO_PIC = NO;
				GCC_NO_COMMON_BLOCKS = YES;
				GCC_OPTIMIZATION_LEVEL = 0;
				GCC_PREPROCESSOR_DEFINITIONS = (
					"DEBUG=1",
					"$(inherited)",
				);
				GCC_WARN_64_TO_32_BIT_CONVERSION = YES;
				GCC_WARN_ABOUT_RETURN_TYPE = YES_ERROR;
				GCC_WARN_UNDECLARED_SELECTOR = YES;
				GCC_WARN_UNINITIALIZED_AUTOS = YES_AGGRESSIVE;
				GCC_WARN_UNUSED_FUNCTION = YES;
				GCC_WARN_UNUSED_VARIABLE = YES;
				IPHONEOS_DEPLOYMENT_TARGET = 16.4;
				MTL_ENABLE_DEBUG_INFO = INCLUDE_SOURCE;
				MTL_FAST_MATH = YES;
				ONLY_ACTIVE_ARCH = YES;
				SDKROOT = iphoneos;
				SWIFT_ACTIVE_COMPILATION_CONDITIONS = DEBUG;
				SWIFT_OPTIMIZATION_LEVEL = "-Onone";
			};
			name = Debug;
		};
		CB8D1BF72A469FE7005FDEEE /* Release */ = {
			isa = XCBuildConfiguration;
			buildSettings = {
				ALWAYS_SEARCH_USER_PATHS = NO;
				CLANG_ANALYZER_NONNULL = YES;
				CLANG_ANALYZER_NUMBER_OBJECT_CONVERSION = YES_AGGRESSIVE;
				CLANG_CXX_LANGUAGE_STANDARD = "gnu++20";
				CLANG_ENABLE_MODULES = YES;
				CLANG_ENABLE_OBJC_ARC = YES;
				CLANG_ENABLE_OBJC_WEAK = YES;
				CLANG_WARN_BLOCK_CAPTURE_AUTORELEASING = YES;
				CLANG_WARN_BOOL_CONVERSION = YES;
				CLANG_WARN_COMMA = YES;
				CLANG_WARN_CONSTANT_CONVERSION = YES;
				CLANG_WARN_DEPRECATED_OBJC_IMPLEMENTATIONS = YES;
				CLANG_WARN_DIRECT_OBJC_ISA_USAGE = YES_ERROR;
				CLANG_WARN_DOCUMENTATION_COMMENTS = YES;
				CLANG_WARN_EMPTY_BODY = YES;
				CLANG_WARN_ENUM_CONVERSION = YES;
				CLANG_WARN_INFINITE_RECURSION = YES;
				CLANG_WARN_INT_CONVERSION = YES;
				CLANG_WARN_NON_LITERAL_NULL_CONVERSION = YES;
				CLANG_WARN_OBJC_IMPLICIT_RETAIN_SELF = YES;
				CLANG_WARN_OBJC_LITERAL_CONVERSION = YES;
				CLANG_WARN_OBJC_ROOT_CLASS = YES_ERROR;
				CLANG_WARN_QUOTED_INCLUDE_IN_FRAMEWORK_HEADER = YES;
				CLANG_WARN_RANGE_LOOP_ANALYSIS = YES;
				CLANG_WARN_STRICT_PROTOTYPES = YES;
				CLANG_WARN_SUSPICIOUS_MOVE = YES;
				CLANG_WARN_UNGUARDED_AVAILABILITY = YES_AGGRESSIVE;
				CLANG_WARN_UNREACHABLE_CODE = YES;
				CLANG_WARN__DUPLICATE_METHOD_MATCH = YES;
				COPY_PHASE_STRIP = NO;
				DEBUG_INFORMATION_FORMAT = "dwarf-with-dsym";
				ENABLE_NS_ASSERTIONS = NO;
				ENABLE_STRICT_OBJC_MSGSEND = YES;
				GCC_C_LANGUAGE_STANDARD = gnu11;
				GCC_NO_COMMON_BLOCKS = YES;
				GCC_WARN_64_TO_32_BIT_CONVERSION = YES;
				GCC_WARN_ABOUT_RETURN_TYPE = YES_ERROR;
				GCC_WARN_UNDECLARED_SELECTOR = YES;
				GCC_WARN_UNINITIALIZED_AUTOS = YES_AGGRESSIVE;
				GCC_WARN_UNUSED_FUNCTION = YES;
				GCC_WARN_UNUSED_VARIABLE = YES;
				IPHONEOS_DEPLOYMENT_TARGET = 16.4;
				MTL_ENABLE_DEBUG_INFO = NO;
				MTL_FAST_MATH = YES;
				SDKROOT = iphoneos;
				SWIFT_COMPILATION_MODE = wholemodule;
				SWIFT_OPTIMIZATION_LEVEL = "-O";
				VALIDATE_PRODUCT = YES;
			};
			name = Release;
		};
		CB8D1BF92A469FE7005FDEEE /* Debug */ = {
			isa = XCBuildConfiguration;
			buildSettings = {
				ASSETCATALOG_COMPILER_APPICON_NAME = AppIcon;
				ASSETCATALOG_COMPILER_GLOBAL_ACCENT_COLOR_NAME = AccentColor;
				CODE_SIGN_STYLE = Automatic;
				CURRENT_PROJECT_VERSION = 1;
				DEVELOPMENT_ASSET_PATHS = "\"Mungroad-iOS/Preview Content\"";
				DEVELOPMENT_TEAM = 7Q8VF9RM3U;
				ENABLE_PREVIEWS = YES;
				GENERATE_INFOPLIST_FILE = YES;
				INFOPLIST_KEY_UIApplicationSceneManifest_Generation = YES;
				INFOPLIST_KEY_UIApplicationSupportsIndirectInputEvents = YES;
				INFOPLIST_KEY_UILaunchScreen_Generation = YES;
				INFOPLIST_KEY_UISupportedInterfaceOrientations_iPad = "UIInterfaceOrientationPortrait UIInterfaceOrientationPortraitUpsideDown UIInterfaceOrientationLandscapeLeft UIInterfaceOrientationLandscapeRight";
				INFOPLIST_KEY_UISupportedInterfaceOrientations_iPhone = "UIInterfaceOrientationPortrait UIInterfaceOrientationLandscapeLeft UIInterfaceOrientationLandscapeRight";
				LD_RUNPATH_SEARCH_PATHS = (
					"$(inherited)",
					"@executable_path/Frameworks",
				);
				MARKETING_VERSION = 1.0;
				PRODUCT_BUNDLE_IDENTIFIER = "SHOH.Mungroad-iOS";
				PRODUCT_NAME = "$(TARGET_NAME)";
				SWIFT_EMIT_LOC_STRINGS = YES;
				SWIFT_VERSION = 5.0;
				TARGETED_DEVICE_FAMILY = "1,2";
			};
			name = Debug;
		};
		CB8D1BFA2A469FE7005FDEEE /* Release */ = {
			isa = XCBuildConfiguration;
			buildSettings = {
				ASSETCATALOG_COMPILER_APPICON_NAME = AppIcon;
				ASSETCATALOG_COMPILER_GLOBAL_ACCENT_COLOR_NAME = AccentColor;
				CODE_SIGN_STYLE = Automatic;
				CURRENT_PROJECT_VERSION = 1;
				DEVELOPMENT_ASSET_PATHS = "\"Mungroad-iOS/Preview Content\"";
				DEVELOPMENT_TEAM = 7Q8VF9RM3U;
				ENABLE_PREVIEWS = YES;
				GENERATE_INFOPLIST_FILE = YES;
				INFOPLIST_KEY_UIApplicationSceneManifest_Generation = YES;
				INFOPLIST_KEY_UIApplicationSupportsIndirectInputEvents = YES;
				INFOPLIST_KEY_UILaunchScreen_Generation = YES;
				INFOPLIST_KEY_UISupportedInterfaceOrientations_iPad = "UIInterfaceOrientationPortrait UIInterfaceOrientationPortraitUpsideDown UIInterfaceOrientationLandscapeLeft UIInterfaceOrientationLandscapeRight";
				INFOPLIST_KEY_UISupportedInterfaceOrientations_iPhone = "UIInterfaceOrientationPortrait UIInterfaceOrientationLandscapeLeft UIInterfaceOrientationLandscapeRight";
				LD_RUNPATH_SEARCH_PATHS = (
					"$(inherited)",
					"@executable_path/Frameworks",
				);
				MARKETING_VERSION = 1.0;
				PRODUCT_BUNDLE_IDENTIFIER = "SHOH.Mungroad-iOS";
				PRODUCT_NAME = "$(TARGET_NAME)";
				SWIFT_EMIT_LOC_STRINGS = YES;
				SWIFT_VERSION = 5.0;
				TARGETED_DEVICE_FAMILY = "1,2";
			};
			name = Release;
		};
		CB8D1BFC2A469FE7005FDEEE /* Debug */ = {
			isa = XCBuildConfiguration;
			buildSettings = {
				ALWAYS_EMBED_SWIFT_STANDARD_LIBRARIES = YES;
				BUNDLE_LOADER = "$(TEST_HOST)";
				CODE_SIGN_STYLE = Automatic;
				CURRENT_PROJECT_VERSION = 1;
				DEVELOPMENT_TEAM = 7Q8VF9RM3U;
				GENERATE_INFOPLIST_FILE = YES;
				IPHONEOS_DEPLOYMENT_TARGET = 16.4;
				MARKETING_VERSION = 1.0;
				PRODUCT_BUNDLE_IDENTIFIER = "SHOH.Mungroad-iOSTests";
				PRODUCT_NAME = "$(TARGET_NAME)";
				SWIFT_EMIT_LOC_STRINGS = NO;
				SWIFT_VERSION = 5.0;
				TARGETED_DEVICE_FAMILY = "1,2";
				TEST_HOST = "$(BUILT_PRODUCTS_DIR)/Mungroad-iOS.app/$(BUNDLE_EXECUTABLE_FOLDER_PATH)/Mungroad-iOS";
			};
			name = Debug;
		};
		CB8D1BFD2A469FE7005FDEEE /* Release */ = {
			isa = XCBuildConfiguration;
			buildSettings = {
				ALWAYS_EMBED_SWIFT_STANDARD_LIBRARIES = YES;
				BUNDLE_LOADER = "$(TEST_HOST)";
				CODE_SIGN_STYLE = Automatic;
				CURRENT_PROJECT_VERSION = 1;
				DEVELOPMENT_TEAM = 7Q8VF9RM3U;
				GENERATE_INFOPLIST_FILE = YES;
				IPHONEOS_DEPLOYMENT_TARGET = 16.4;
				MARKETING_VERSION = 1.0;
				PRODUCT_BUNDLE_IDENTIFIER = "SHOH.Mungroad-iOSTests";
				PRODUCT_NAME = "$(TARGET_NAME)";
				SWIFT_EMIT_LOC_STRINGS = NO;
				SWIFT_VERSION = 5.0;
				TARGETED_DEVICE_FAMILY = "1,2";
				TEST_HOST = "$(BUILT_PRODUCTS_DIR)/Mungroad-iOS.app/$(BUNDLE_EXECUTABLE_FOLDER_PATH)/Mungroad-iOS";
			};
			name = Release;
		};
		CB8D1BFF2A469FE7005FDEEE /* Debug */ = {
			isa = XCBuildConfiguration;
			buildSettings = {
				ALWAYS_EMBED_SWIFT_STANDARD_LIBRARIES = YES;
				CODE_SIGN_STYLE = Automatic;
				CURRENT_PROJECT_VERSION = 1;
				DEVELOPMENT_TEAM = 7Q8VF9RM3U;
				GENERATE_INFOPLIST_FILE = YES;
				MARKETING_VERSION = 1.0;
				PRODUCT_BUNDLE_IDENTIFIER = "SHOH.Mungroad-iOSUITests";
				PRODUCT_NAME = "$(TARGET_NAME)";
				SWIFT_EMIT_LOC_STRINGS = NO;
				SWIFT_VERSION = 5.0;
				TARGETED_DEVICE_FAMILY = "1,2";
				TEST_TARGET_NAME = "Mungroad-iOS";
			};
			name = Debug;
		};
		CB8D1C002A469FE7005FDEEE /* Release */ = {
			isa = XCBuildConfiguration;
			buildSettings = {
				ALWAYS_EMBED_SWIFT_STANDARD_LIBRARIES = YES;
				CODE_SIGN_STYLE = Automatic;
				CURRENT_PROJECT_VERSION = 1;
				DEVELOPMENT_TEAM = 7Q8VF9RM3U;
				GENERATE_INFOPLIST_FILE = YES;
				MARKETING_VERSION = 1.0;
				PRODUCT_BUNDLE_IDENTIFIER = "SHOH.Mungroad-iOSUITests";
				PRODUCT_NAME = "$(TARGET_NAME)";
				SWIFT_EMIT_LOC_STRINGS = NO;
				SWIFT_VERSION = 5.0;
				TARGETED_DEVICE_FAMILY = "1,2";
				TEST_TARGET_NAME = "Mungroad-iOS";
			};
			name = Release;
		};
/* End XCBuildConfiguration section */

/* Begin XCConfigurationList section */
		CB8D1BCF2A469FE6005FDEEE /* Build configuration list for PBXProject "Mungroad-iOS" */ = {
			isa = XCConfigurationList;
			buildConfigurations = (
				CB8D1BF62A469FE7005FDEEE /* Debug */,
				CB8D1BF72A469FE7005FDEEE /* Release */,
			);
			defaultConfigurationIsVisible = 0;
			defaultConfigurationName = Release;
		};
		CB8D1BF82A469FE7005FDEEE /* Build configuration list for PBXNativeTarget "Mungroad-iOS" */ = {
			isa = XCConfigurationList;
			buildConfigurations = (
				CB8D1BF92A469FE7005FDEEE /* Debug */,
				CB8D1BFA2A469FE7005FDEEE /* Release */,
			);
			defaultConfigurationIsVisible = 0;
			defaultConfigurationName = Release;
		};
		CB8D1BFB2A469FE7005FDEEE /* Build configuration list for PBXNativeTarget "Mungroad-iOSTests" */ = {
			isa = XCConfigurationList;
			buildConfigurations = (
				CB8D1BFC2A469FE7005FDEEE /* Debug */,
				CB8D1BFD2A469FE7005FDEEE /* Release */,
			);
			defaultConfigurationIsVisible = 0;
			defaultConfigurationName = Release;
		};
		CB8D1BFE2A469FE7005FDEEE /* Build configuration list for PBXNativeTarget "Mungroad-iOSUITests" */ = {
			isa = XCConfigurationList;
			buildConfigurations = (
				CB8D1BFF2A469FE7005FDEEE /* Debug */,
				CB8D1C002A469FE7005FDEEE /* Release */,
			);
			defaultConfigurationIsVisible = 0;
			defaultConfigurationName = Release;
		};
/* End XCConfigurationList section */
	};
	rootObject = CB8D1BCC2A469FE6005FDEEE /* Project object */;
}
